
Microsoft Visual Studio Solution File, Format Version 11.00
# Visual Studio 2010
Project("{FAE04EC0-301F-11D3-BF4B-00C04F79EFBC}") = "MvcMovie", "MvcMovie\MvcMovie.csproj", "{434B6773-7B32-47AB-8D17-617CA5339205}"
EndProject
Global
	GlobalSection(SolutionConfigurationPlatforms) = preSolution
		Debug|Any CPU = Debug|Any CPU
		Release|Any CPU = Release|Any CPU
	EndGlobalSection
	GlobalSection(ProjectConfigurationPlatforms) = postSolution
		{434B6773-7B32-47AB-8D17-617CA5339205}.Debug|Any CPU.ActiveCfg = Debug|Any CPU
		{434B6773-7B32-47AB-8D17-617CA5339205}.Debug|Any CPU.Build.0 = Debug|Any CPU
		{434B6773-7B32-47AB-8D17-617CA5339205}.Release|Any CPU.ActiveCfg = Release|Any CPU
		{434B6773-7B32-47AB-8D17-617CA5339205}.Release|Any CPU.Build.0 = Release|Any CPU
	EndGlobalSection
	GlobalSection(SolutionProperties) = preSolution
		HideSolutionNode = FALSE
	EndGlobalSection
EndGlobal
